
Microsoft Visual Studio Solution File, Format Version 12.00
# Visual Studio Version 16
VisualStudioVersion = 16.0.30804.86
MinimumVisualStudioVersion = 10.0.40219.1
Project("{9A19103F-16F7-4668-BE54-9A1E7A4F7556}") = "DataAccess", "DataAccess\DataAccess.csproj", "{448512F1-CA09-46C1-AF31-CA8DFF703D14}"
EndProject
Project("{9A19103F-16F7-4668-BE54-9A1E7A4F7556}") = "Business", "Business\Business.csproj", "{CF4F44EA-EC98-46C2-A777-69E0DA766F09}"
EndProject
Project("{9A19103F-16F7-4668-BE54-9A1E7A4F7556}") = "Entities", "Entities\Entities.csproj", "{ABC686EC-7C3E-451E-9906-C5255E641215}"
EndProject
Project("{9A19103F-16F7-4668-BE54-9A1E7A4F7556}") = "ConsoleUI", "ConsoleUI\ConsoleUI.csproj", "{AC2A1063-9C4A-42F5-93E8-A8E76E27D56A}"
EndProject
Project("{FAE04EC0-301F-11D3-BF4B-00C04F79EFBC}") = "Core", "Core\Core.csproj", "{0BE4BDEF-3F69-4588-AB30-580D7C8427AD}"
EndProject
Global
	GlobalSection(SolutionConfigurationPlatforms) = preSolution
		Debug|Any CPU = Debug|Any CPU
		Release|Any CPU = Release|Any CPU
	EndGlobalSection
	GlobalSection(ProjectConfigurationPlatforms) = postSolution
		{448512F1-CA09-46C1-AF31-CA8DFF703D14}.Debug|Any CPU.ActiveCfg = Debug|Any CPU
		{448512F1-CA09-46C1-AF31-CA8DFF703D14}.Debug|Any CPU.Build.0 = Debug|Any CPU
		{448512F1-CA09-46C1-AF31-CA8DFF703D14}.Release|Any CPU.ActiveCfg = Release|Any CPU
		{448512F1-CA09-46C1-AF31-CA8DFF703D14}.Release|Any CPU.Build.0 = Release|Any CPU
		{CF4F44EA-EC98-46C2-A777-69E0DA766F09}.Debug|Any CPU.ActiveCfg = Debug|Any CPU
		{CF4F44EA-EC98-46C2-A777-69E0DA766F09}.Debug|Any CPU.Build.0 = Debug|Any CPU
		{CF4F44EA-EC98-46C2-A777-69E0DA766F09}.Release|Any CPU.ActiveCfg = Release|Any CPU
		{CF4F44EA-EC98-46C2-A777-69E0DA766F09}.Release|Any CPU.Build.0 = Release|Any CPU
		{ABC686EC-7C3E-451E-9906-C5255E641215}.Debug|Any CPU.ActiveCfg = Debug|Any CPU
		{ABC686EC-7C3E-451E-9906-C5255E641215}.Debug|Any CPU.Build.0 = Debug|Any CPU
		{ABC686EC-7C3E-451E-9906-C5255E641215}.Release|Any CPU.ActiveCfg = Release|Any CPU
		{ABC686EC-7C3E-451E-9906-C5255E641215}.Release|Any CPU.Build.0 = Release|Any CPU
		{AC2A1063-9C4A-42F5-93E8-A8E76E27D56A}.Debug|Any CPU.ActiveCfg = Debug|Any CPU
		{AC2A1063-9C4A-42F5-93E8-A8E76E27D56A}.Debug|Any CPU.Build.0 = Debug|Any CPU
		{AC2A1063-9C4A-42F5-93E8-A8E76E27D56A}.Release|Any CPU.ActiveCfg = Release|Any CPU
		{AC2A1063-9C4A-42F5-93E8-A8E76E27D56A}.Release|Any CPU.Build.0 = Release|Any CPU
		{0BE4BDEF-3F69-4588-AB30-580D7C8427AD}.Debug|Any CPU.ActiveCfg = Debug|Any CPU
		{0BE4BDEF-3F69-4588-AB30-580D7C8427AD}.Debug|Any CPU.Build.0 = Debug|Any CPU
		{0BE4BDEF-3F69-4588-AB30-580D7C8427AD}.Release|Any CPU.ActiveCfg = Release|Any CPU
		{0BE4BDEF-3F69-4588-AB30-580D7C8427AD}.Release|Any CPU.Build.0 = Release|Any CPU
	EndGlobalSection
	GlobalSection(SolutionProperties) = preSolution
		HideSolutionNode = FALSE
	EndGlobalSection
	GlobalSection(ExtensibilityGlobals) = postSolution
		SolutionGuid = {D46CD730-9EB7-4BEA-B649-F6D40D0B734B}
	EndGlobalSection
EndGlobal
